
Microsoft Visual Studio Solution File, Format Version 12.00
# Visual Studio Version 17
VisualStudioVersion = 17.7.34202.233
MinimumVisualStudioVersion = 10.0.40219.1
Project("{9A19103F-16F7-4668-BE54-9A1E7A4F7556}") = "ApiSecurity", "ApiSecurity\ApiSecurity.csproj", "{2A404AD2-870A-4ABF-86B4-F816516C532E}"
EndProject
Project("{FAE04EC0-301F-11D3-BF4B-00C04F79EFBC}") = "ServerB", "ServerB\ServerB.csproj", "{9EDB8EC0-D7C6-4BC6-A24D-66280389F557}"
EndProject
Global
	GlobalSection(SolutionConfigurationPlatforms) = preSolution
		Debug|Any CPU = Debug|Any CPU
		Release|Any CPU = Release|Any CPU
	EndGlobalSection
	GlobalSection(ProjectConfigurationPlatforms) = postSolution
		{2A404AD2-870A-4ABF-86B4-F816516C532E}.Debug|Any CPU.ActiveCfg = Debug|Any CPU
		{2A404AD2-870A-4ABF-86B4-F816516C532E}.Debug|Any CPU.Build.0 = Debug|Any CPU
		{2A404AD2-870A-4ABF-86B4-F816516C532E}.Release|Any CPU.ActiveCfg = Release|Any CPU
		{2A404AD2-870A-4ABF-86B4-F816516C532E}.Release|Any CPU.Build.0 = Release|Any CPU
		{9EDB8EC0-D7C6-4BC6-A24D-66280389F557}.Debug|Any CPU.ActiveCfg = Debug|Any CPU
		{9EDB8EC0-D7C6-4BC6-A24D-66280389F557}.Debug|Any CPU.Build.0 = Debug|Any CPU
		{9EDB8EC0-D7C6-4BC6-A24D-66280389F557}.Release|Any CPU.ActiveCfg = Release|Any CPU
		{9EDB8EC0-D7C6-4BC6-A24D-66280389F557}.Release|Any CPU.Build.0 = Release|Any CPU
	EndGlobalSection
	GlobalSection(SolutionProperties) = preSolution
		HideSolutionNode = FALSE
	EndGlobalSection
	GlobalSection(ExtensibilityGlobals) = postSolution
		SolutionGuid = {5913056B-20C0-4117-92C2-6ACF0BF83B13}
	EndGlobalSection
EndGlobal
